// !$*UTF8*$!
{
	archiveVersion = 1;
	classes = {
	};
	objectVersion = 56;
	objects = {

/* Begin PBXBuildFile section */
		CEE1A54A2B64265000B69414 /* PROJEKT_RESTAURACJAApp.swift in Sources */ = {isa = PBXBuildFile; fileRef = CEE1A5492B64265000B69414 /* PROJEKT_RESTAURACJAApp.swift */; };
		CEE1A54C2B64265000B69414 /* ContentView.swift in Sources */ = {isa = PBXBuildFile; fileRef = CEE1A54B2B64265000B69414 /* ContentView.swift */; };
		CEE1A54E2B64265500B69414 /* Assets.xcassets in Resources */ = {isa = PBXBuildFile; fileRef = CEE1A54D2B64265500B69414 /* Assets.xcassets */; };
		CEE1A5512B64265500B69414 /* Preview Assets.xcassets in Resources */ = {isa = PBXBuildFile; fileRef = CEE1A5502B64265500B69414 /* Preview Assets.xcassets */; };
		CEE1A55B2B64265600B69414 /* PROJEKT_RESTAURACJATests.swift in Sources */ = {isa = PBXBuildFile; fileRef = CEE1A55A2B64265600B69414 /* PROJEKT_RESTAURACJATests.swift */; };
		CEE1A5652B64265600B69414 /* PROJEKT_RESTAURACJAUITests.swift in Sources */ = {isa = PBXBuildFile; fileRef = CEE1A5642B64265600B69414 /* PROJEKT_RESTAURACJAUITests.swift */; };
		CEE1A5672B64265600B69414 /* PROJEKT_RESTAURACJAUITestsLaunchTests.swift in Sources */ = {isa = PBXBuildFile; fileRef = CEE1A5662B64265600B69414 /* PROJEKT_RESTAURACJAUITestsLaunchTests.swift */; };
/* End PBXBuildFile section */

/* Begin PBXContainerItemProxy section */
		CEE1A5572B64265600B69414 /* PBXContainerItemProxy */ = {
			isa = PBXContainerItemProxy;
			containerPortal = CEE1A53E2B64264F00B69414 /* Project object */;
			proxyType = 1;
			remoteGlobalIDString = CEE1A5452B64264F00B69414;
			remoteInfo = "PROJEKT-RESTAURACJA";
		};
		CEE1A5612B64265600B69414 /* PBXContainerItemProxy */ = {
			isa = PBXContainerItemProxy;
			containerPortal = CEE1A53E2B64264F00B69414 /* Project object */;
			proxyType = 1;
			remoteGlobalIDString = CEE1A5452B64264F00B69414;
			remoteInfo = "PROJEKT-RESTAURACJA";
		};
/* End PBXContainerItemProxy section */

/* Begin PBXFileReference section */
		CEE1A5462B64265000B69414 /* PROJEKT-RESTAURACJA.app */ = {isa = PBXFileReference; explicitFileType = wrapper.application; includeInIndex = 0; path = "PROJEKT-RESTAURACJA.app"; sourceTree = BUILT_PRODUCTS_DIR; };
		CEE1A5492B64265000B69414 /* PROJEKT_RESTAURACJAApp.swift */ = {isa = PBXFileReference; lastKnownFileType = sourcecode.swift; path = PROJEKT_RESTAURACJAApp.swift; sourceTree = "<group>"; };
		CEE1A54B2B64265000B69414 /* ContentView.swift */ = {isa = PBXFileReference; lastKnownFileType = sourcecode.swift; path = ContentView.swift; sourceTree = "<group>"; };
		CEE1A54D2B64265500B69414 /* Assets.xcassets */ = {isa = PBXFileReference; lastKnownFileType = folder.assetcatalog; path = Assets.xcassets; sourceTree = "<group>"; };
		CEE1A5502B64265500B69414 /* Preview Assets.xcassets */ = {isa = PBXFileReference; lastKnownFileType = folder.assetcatalog; path = "Preview Assets.xcassets"; sourceTree = "<group>"; };
		CEE1A5562B64265600B69414 /* PROJEKT-RESTAURACJATests.xctest */ = {isa = PBXFileReference; explicitFileType = wrapper.cfbundle; includeInIndex = 0; path = "PROJEKT-RESTAURACJATests.xctest"; sourceTree = BUILT_PRODUCTS_DIR; };
		CEE1A55A2B64265600B69414 /* PROJEKT_RESTAURACJATests.swift */ = {isa = PBXFileReference; lastKnownFileType = sourcecode.swift; path = PROJEKT_RESTAURACJATests.swift; sourceTree = "<group>"; };
		CEE1A5602B64265600B69414 /* PROJEKT-RESTAURACJAUITests.xctest */ = {isa = PBXFileReference; explicitFileType = wrapper.cfbundle; includeInIndex = 0; path = "PROJEKT-RESTAURACJAUITests.xctest"; sourceTree = BUILT_PRODUCTS_DIR; };
		CEE1A5642B64265600B69414 /* PROJEKT_RESTAURACJAUITests.swift */ = {isa = PBXFileReference; lastKnownFileType = sourcecode.swift; path = PROJEKT_RESTAURACJAUITests.swift; sourceTree = "<group>"; };
		CEE1A5662B64265600B69414 /* PROJEKT_RESTAURACJAUITestsLaunchTests.swift */ = {isa = PBXFileReference; lastKnownFileType = sourcecode.swift; path = PROJEKT_RESTAURACJAUITestsLaunchTests.swift; sourceTree = "<group>"; };
/* End PBXFileReference section */

/* Begin PBXFrameworksBuildPhase section */
		CEE1A5432B64264F00B69414 /* Frameworks */ = {
			isa = PBXFrameworksBuildPhase;
			buildActionMask = 2147483647;
			files = (
			);
			runOnlyForDeploymentPostprocessing = 0;
		};
		CEE1A5532B64265600B69414 /* Frameworks */ = {
			isa = PBXFrameworksBuildPhase;
			buildActionMask = 2147483647;
			files = (
			);
			runOnlyForDeploymentPostprocessing = 0;
		};
		CEE1A55D2B64265600B69414 /* Frameworks */ = {
			isa = PBXFrameworksBuildPhase;
			buildActionMask = 2147483647;
			files = (
			);
			runOnlyForDeploymentPostprocessing = 0;
		};
/* End PBXFrameworksBuildPhase section */

/* Begin PBXGroup section */
		CEE1A53D2B64264F00B69414 = {
			isa = PBXGroup;
			children = (
				CEE1A5482B64265000B69414 /* PROJEKT-RESTAURACJA */,
				CEE1A5592B64265600B69414 /* PROJEKT-RESTAURACJATests */,
				CEE1A5632B64265600B69414 /* PROJEKT-RESTAURACJAUITests */,
				CEE1A5472B64265000B69414 /* Products */,
			);
			sourceTree = "<group>";
		};
		CEE1A5472B64265000B69414 /* Products */ = {
			isa = PBXGroup;
			children = (
				CEE1A5462B64265000B69414 /* PROJEKT-RESTAURACJA.app */,
				CEE1A5562B64265600B69414 /* PROJEKT-RESTAURACJATests.xctest */,
				CEE1A5602B64265600B69414 /* PROJEKT-RESTAURACJAUITests.xctest */,
			);
			name = Products;
			sourceTree = "<group>";
		};
		CEE1A5482B64265000B69414 /* PROJEKT-RESTAURACJA */ = {
			isa = PBXGroup;
			children = (
				CEE1A5492B64265000B69414 /* PROJEKT_RESTAURACJAApp.swift */,
				CEE1A54B2B64265000B69414 /* ContentView.swift */,
				CEE1A54D2B64265500B69414 /* Assets.xcassets */,
				CEE1A54F2B64265500B69414 /* Preview Content */,
			);
			path = "PROJEKT-RESTAURACJA";
			sourceTree = "<group>";
		};
		CEE1A54F2B64265500B69414 /* Preview Content */ = {
			isa = PBXGroup;
			children = (
				CEE1A5502B64265500B69414 /* Preview Assets.xcassets */,
			);
			path = "Preview Content";
			sourceTree = "<group>";
		};
		CEE1A5592B64265600B69414 /* PROJEKT-RESTAURACJATests */ = {
			isa = PBXGroup;
			children = (
				CEE1A55A2B64265600B69414 /* PROJEKT_RESTAURACJATests.swift */,
			);
			path = "PROJEKT-RESTAURACJATests";
			sourceTree = "<group>";
		};
		CEE1A5632B64265600B69414 /* PROJEKT-RESTAURACJAUITests */ = {
			isa = PBXGroup;
			children = (
				CEE1A5642B64265600B69414 /* PROJEKT_RESTAURACJAUITests.swift */,
				CEE1A5662B64265600B69414 /* PROJEKT_RESTAURACJAUITestsLaunchTests.swift */,
			);
			path = "PROJEKT-RESTAURACJAUITests";
			sourceTree = "<group>";
		};
/* End PBXGroup section */

/* Begin PBXNativeTarget section */
		CEE1A5452B64264F00B69414 /* PROJEKT-RESTAURACJA */ = {
			isa = PBXNativeTarget;
			buildConfigurationList = CEE1A56A2B64265600B69414 /* Build configuration list for PBXNativeTarget "PROJEKT-RESTAURACJA" */;
			buildPhases = (
				CEE1A5422B64264F00B69414 /* Sources */,
				CEE1A5432B64264F00B69414 /* Frameworks */,
				CEE1A5442B64264F00B69414 /* Resources */,
			);
			buildRules = (
			);
			dependencies = (
			);
			name = "PROJEKT-RESTAURACJA";
			productName = "PROJEKT-RESTAURACJA";
			productReference = CEE1A5462B64265000B69414 /* PROJEKT-RESTAURACJA.app */;
			productType = "com.apple.product-type.application";
		};
		CEE1A5552B64265600B69414 /* PROJEKT-RESTAURACJATests */ = {
			isa = PBXNativeTarget;
			buildConfigurationList = CEE1A56D2B64265600B69414 /* Build configuration list for PBXNativeTarget "PROJEKT-RESTAURACJATests" */;
			buildPhases = (
				CEE1A5522B64265600B69414 /* Sources */,
				CEE1A5532B64265600B69414 /* Frameworks */,
				CEE1A5542B64265600B69414 /* Resources */,
			);
			buildRules = (
			);
			dependencies = (
				CEE1A5582B64265600B69414 /* PBXTargetDependency */,
			);
			name = "PROJEKT-RESTAURACJATests";
			productName = "PROJEKT-RESTAURACJATests";
			productReference = CEE1A5562B64265600B69414 /* PROJEKT-RESTAURACJATests.xctest */;
			productType = "com.apple.product-type.bundle.unit-test";
		};
		CEE1A55F2B64265600B69414 /* PROJEKT-RESTAURACJAUITests */ = {
			isa = PBXNativeTarget;
			buildConfigurationList = CEE1A5702B64265600B69414 /* Build configuration list for PBXNativeTarget "PROJEKT-RESTAURACJAUITests" */;
			buildPhases = (
				CEE1A55C2B64265600B69414 /* Sources */,
				CEE1A55D2B64265600B69414 /* Frameworks */,
				CEE1A55E2B64265600B69414 /* Resources */,
			);
			buildRules = (
			);
			dependencies = (
				CEE1A5622B64265600B69414 /* PBXTargetDependency */,
			);
			name = "PROJEKT-RESTAURACJAUITests";
			productName = "PROJEKT-RESTAURACJAUITests";
			productReference = CEE1A5602B64265600B69414 /* PROJEKT-RESTAURACJAUITests.xctest */;
			productType = "com.apple.product-type.bundle.ui-testing";
		};
/* End PBXNativeTarget section */

/* Begin PBXProject section */
		CEE1A53E2B64264F00B69414 /* Project object */ = {
			isa = PBXProject;
			attributes = {
				BuildIndependentTargetsInParallel = 1;
				LastSwiftUpdateCheck = 1520;
				LastUpgradeCheck = 1520;
				TargetAttributes = {
					CEE1A5452B64264F00B69414 = {
						CreatedOnToolsVersion = 15.2;
					};
					CEE1A5552B64265600B69414 = {
						CreatedOnToolsVersion = 15.2;
						TestTargetID = CEE1A5452B64264F00B69414;
					};
					CEE1A55F2B64265600B69414 = {
						CreatedOnToolsVersion = 15.2;
						TestTargetID = CEE1A5452B64264F00B69414;
					};
				};
			};
			buildConfigurationList = CEE1A5412B64264F00B69414 /* Build configuration list for PBXProject "PROJEKT-RESTAURACJA" */;
			compatibilityVersion = "Xcode 14.0";
			developmentRegion = en;
			hasScannedForEncodings = 0;
			knownRegions = (
				en,
				Base,
			);
			mainGroup = CEE1A53D2B64264F00B69414;
			productRefGroup = CEE1A5472B64265000B69414 /* Products */;
			projectDirPath = "";
			projectRoot = "";
			targets = (
				CEE1A5452B64264F00B69414 /* PROJEKT-RESTAURACJA */,
				CEE1A5552B64265600B69414 /* PROJEKT-RESTAURACJATests */,
				CEE1A55F2B64265600B69414 /* PROJEKT-RESTAURACJAUITests */,
			);
		};
/* End PBXProject section */

/* Begin PBXResourcesBuildPhase section */
		CEE1A5442B64264F00B69414 /* Resources */ = {
			isa = PBXResourcesBuildPhase;
			buildActionMask = 2147483647;
			files = (
				CEE1A5512B64265500B69414 /* Preview Assets.xcassets in Resources */,
				CEE1A54E2B64265500B69414 /* Assets.xcassets in Resources */,
			);
			runOnlyForDeploymentPostprocessing = 0;
		};
		CEE1A5542B64265600B69414 /* Resources */ = {
			isa = PBXResourcesBuildPhase;
			buildActionMask = 2147483647;
			files = (
			);
			runOnlyForDeploymentPostprocessing = 0;
		};
		CEE1A55E2B64265600B69414 /* Resources */ = {
			isa = PBXResourcesBuildPhase;
			buildActionMask = 2147483647;
			files = (
			);
			runOnlyForDeploymentPostprocessing = 0;
		};
/* End PBXResourcesBuildPhase section */

/* Begin PBXSourcesBuildPhase section */
		CEE1A5422B64264F00B69414 /* Sources */ = {
			isa = PBXSourcesBuildPhase;
			buildActionMask = 2147483647;
			files = (
				CEE1A54C2B64265000B69414 /* ContentView.swift in Sources */,
				CEE1A54A2B64265000B69414 /* PROJEKT_RESTAURACJAApp.swift in Sources */,
			);
			runOnlyForDeploymentPostprocessing = 0;
		};
		CEE1A5522B64265600B69414 /* Sources */ = {
			isa = PBXSourcesBuildPhase;
			buildActionMask = 2147483647;
			files = (
				CEE1A55B2B64265600B69414 /* PROJEKT_RESTAURACJATests.swift in Sources */,
			);
			runOnlyForDeploymentPostprocessing = 0;
		};
		CEE1A55C2B64265600B69414 /* Sources */ = {
			isa = PBXSourcesBuildPhase;
			buildActionMask = 2147483647;
			files = (
				CEE1A5672B64265600B69414 /* PROJEKT_RESTAURACJAUITestsLaunchTests.swift in Sources */,
				CEE1A5652B64265600B69414 /* PROJEKT_RESTAURACJAUITests.swift in Sources */,
			);
			runOnlyForDeploymentPostprocessing = 0;
		};
/* End PBXSourcesBuildPhase section */

/* Begin PBXTargetDependency section */
		CEE1A5582B64265600B69414 /* PBXTargetDependency */ = {
			isa = PBXTargetDependency;
			target = CEE1A5452B64264F00B69414 /* PROJEKT-RESTAURACJA */;
			targetProxy = CEE1A5572B64265600B69414 /* PBXContainerItemProxy */;
		};
		CEE1A5622B64265600B69414 /* PBXTargetDependency */ = {
			isa = PBXTargetDependency;
			target = CEE1A5452B64264F00B69414 /* PROJEKT-RESTAURACJA */;
			targetProxy = CEE1A5612B64265600B69414 /* PBXContainerItemProxy */;
		};
/* End PBXTargetDependency section */

/* Begin XCBuildConfiguration section */
		CEE1A5682B64265600B69414 /* Debug */ = {
			isa = XCBuildConfiguration;
			buildSettings = {
				ALWAYS_SEARCH_USER_PATHS = NO;
				ASSETCATALOG_COMPILER_GENERATE_SWIFT_ASSET_SYMBOL_EXTENSIONS = YES;
				CLANG_ANALYZER_NONNULL = YES;
				CLANG_ANALYZER_NUMBER_OBJECT_CONVERSION = YES_AGGRESSIVE;
				CLANG_CXX_LANGUAGE_STANDARD = "gnu++20";
				CLANG_ENABLE_MODULES = YES;
				CLANG_ENABLE_OBJC_ARC = YES;
				CLANG_ENABLE_OBJC_WEAK = YES;
				CLANG_WARN_BLOCK_CAPTURE_AUTORELEASING = YES;
				CLANG_WARN_BOOL_CONVERSION = YES;
				CLANG_WARN_COMMA = YES;
				CLANG_WARN_CONSTANT_CONVERSION = YES;
				CLANG_WARN_DEPRECATED_OBJC_IMPLEMENTATIONS = YES;
				CLANG_WARN_DIRECT_OBJC_ISA_USAGE = YES_ERROR;
				CLANG_WARN_DOCUMENTATION_COMMENTS = YES;
				CLANG_WARN_EMPTY_BODY = YES;
				CLANG_WARN_ENUM_CONVERSION = YES;
				CLANG_WARN_INFINITE_RECURSION = YES;
				CLANG_WARN_INT_CONVERSION = YES;
				CLANG_WARN_NON_LITERAL_NULL_CONVERSION = YES;
				CLANG_WARN_OBJC_IMPLICIT_RETAIN_SELF = YES;
				CLANG_WARN_OBJC_LITERAL_CONVERSION = YES;
				CLANG_WARN_OBJC_ROOT_CLASS = YES_ERROR;
				CLANG_WARN_QUOTED_INCLUDE_IN_FRAMEWORK_HEADER = YES;
				CLANG_WARN_RANGE_LOOP_ANALYSIS = YES;
				CLANG_WARN_STRICT_PROTOTYPES = YES;
				CLANG_WARN_SUSPICIOUS_MOVE = YES;
				CLANG_WARN_UNGUARDED_AVAILABILITY = YES_AGGRESSIVE;
				CLANG_WARN_UNREACHABLE_CODE = YES;
				CLANG_WARN__DUPLICATE_METHOD_MATCH = YES;
				COPY_PHASE_STRIP = NO;
				DEBUG_INFORMATION_FORMAT = dwarf;
				ENABLE_STRICT_OBJC_MSGSEND = YES;
				ENABLE_TESTABILITY = YES;
				ENABLE_USER_SCRIPT_SANDBOXING = YES;
				GCC_C_LANGUAGE_STANDARD = gnu17;
				GCC_DYNAMIC_NO_PIC = NO;
				GCC_NO_COMMON_BLOCKS = YES;
				GCC_OPTIMIZATION_LEVEL = 0;
				GCC_PREPROCESSOR_DEFINITIONS = (
					"DEBUG=1",
					"$(inherited)",
				);
				GCC_WARN_64_TO_32_BIT_CONVERSION = YES;
				GCC_WARN_ABOUT_RETURN_TYPE = YES_ERROR;
				GCC_WARN_UNDECLARED_SELECTOR = YES;
				GCC_WARN_UNINITIALIZED_AUTOS = YES_AGGRESSIVE;
				GCC_WARN_UNUSED_FUNCTION = YES;
				GCC_WARN_UNUSED_VARIABLE = YES;
				IPHONEOS_DEPLOYMENT_TARGET = 17.2;
				LOCALIZATION_PREFERS_STRING_CATALOGS = YES;
				MTL_ENABLE_DEBUG_INFO = INCLUDE_SOURCE;
				MTL_FAST_MATH = YES;
				ONLY_ACTIVE_ARCH = YES;
				SDKROOT = iphoneos;
				SWIFT_ACTIVE_COMPILATION_CONDITIONS = "DEBUG $(inherited)";
				SWIFT_OPTIMIZATION_LEVEL = "-Onone";
			};
			name = Debug;
		};
		CEE1A5692B64265600B69414 /* Release */ = {
			isa = XCBuildConfiguration;
			buildSettings = {
				ALWAYS_SEARCH_USER_PATHS = NO;
				ASSETCATALOG_COMPILER_GENERATE_SWIFT_ASSET_SYMBOL_EXTENSIONS = YES;
				CLANG_ANALYZER_NONNULL = YES;
				CLANG_ANALYZER_NUMBER_OBJECT_CONVERSION = YES_AGGRESSIVE;
				CLANG_CXX_LANGUAGE_STANDARD = "gnu++20";
				CLANG_ENABLE_MODULES = YES;
				CLANG_ENABLE_OBJC_ARC = YES;
				CLANG_ENABLE_OBJC_WEAK = YES;
				CLANG_WARN_BLOCK_CAPTURE_AUTORELEASING = YES;
				CLANG_WARN_BOOL_CONVERSION = YES;
				CLANG_WARN_COMMA = YES;
				CLANG_WARN_CONSTANT_CONVERSION = YES;
				CLANG_WARN_DEPRECATED_OBJC_IMPLEMENTATIONS = YES;
				CLANG_WARN_DIRECT_OBJC_ISA_USAGE = YES_ERROR;
				CLANG_WARN_DOCUMENTATION_COMMENTS = YES;
				CLANG_WARN_EMPTY_BODY = YES;
				CLANG_WARN_ENUM_CONVERSION = YES;
				CLANG_WARN_INFINITE_RECURSION = YES;
				CLANG_WARN_INT_CONVERSION = YES;
				CLANG_WARN_NON_LITERAL_NULL_CONVERSION = YES;
				CLANG_WARN_OBJC_IMPLICIT_RETAIN_SELF = YES;
				CLANG_WARN_OBJC_LITERAL_CONVERSION = YES;
				CLANG_WARN_OBJC_ROOT_CLASS = YES_ERROR;
				CLANG_WARN_QUOTED_INCLUDE_IN_FRAMEWORK_HEADER = YES;
				CLANG_WARN_RANGE_LOOP_ANALYSIS = YES;
				CLANG_WARN_STRICT_PROTOTYPES = YES;
				CLANG_WARN_SUSPICIOUS_MOVE = YES;
				CLANG_WARN_UNGUARDED_AVAILABILITY = YES_AGGRESSIVE;
				CLANG_WARN_UNREACHABLE_CODE = YES;
				CLANG_WARN__DUPLICATE_METHOD_MATCH = YES;
				COPY_PHASE_STRIP = NO;
				DEBUG_INFORMATION_FORMAT = "dwarf-with-dsym";
				ENABLE_NS_ASSERTIONS = NO;
				ENABLE_STRICT_OBJC_MSGSEND = YES;
				ENABLE_USER_SCRIPT_SANDBOXING = YES;
				GCC_C_LANGUAGE_STANDARD = gnu17;
				GCC_NO_COMMON_BLOCKS = YES;
				GCC_WARN_64_TO_32_BIT_CONVERSION = YES;
				GCC_WARN_ABOUT_RETURN_TYPE = YES_ERROR;
				GCC_WARN_UNDECLARED_SELECTOR = YES;
				GCC_WARN_UNINITIALIZED_AUTOS = YES_AGGRESSIVE;
				GCC_WARN_UNUSED_FUNCTION = YES;
				GCC_WARN_UNUSED_VARIABLE = YES;
				IPHONEOS_DEPLOYMENT_TARGET = 17.2;
				LOCALIZATION_PREFERS_STRING_CATALOGS = YES;
				MTL_ENABLE_DEBUG_INFO = NO;
				MTL_FAST_MATH = YES;
				SDKROOT = iphoneos;
				SWIFT_COMPILATION_MODE = wholemodule;
				VALIDATE_PRODUCT = YES;
			};
			name = Release;
		};
		CEE1A56B2B64265600B69414 /* Debug */ = {
			isa = XCBuildConfiguration;
			buildSettings = {
				ASSETCATALOG_COMPILER_APPICON_NAME = AppIcon;
				ASSETCATALOG_COMPILER_GLOBAL_ACCENT_COLOR_NAME = AccentColor;
				CODE_SIGN_STYLE = Automatic;
				CURRENT_PROJECT_VERSION = 1;
				DEVELOPMENT_ASSET_PATHS = "\"PROJEKT-RESTAURACJA/Preview Content\"";
				ENABLE_PREVIEWS = YES;
				GENERATE_INFOPLIST_FILE = YES;
				INFOPLIST_KEY_UIApplicationSceneManifest_Generation = YES;
				INFOPLIST_KEY_UIApplicationSupportsIndirectInputEvents = YES;
				INFOPLIST_KEY_UILaunchScreen_Generation = YES;
				INFOPLIST_KEY_UISupportedInterfaceOrientations_iPad = "UIInterfaceOrientationPortrait UIInterfaceOrientationPortraitUpsideDown UIInterfaceOrientationLandscapeLeft UIInterfaceOrientationLandscapeRight";
				INFOPLIST_KEY_UISupportedInterfaceOrientations_iPhone = "UIInterfaceOrientationPortrait UIInterfaceOrientationLandscapeLeft UIInterfaceOrientationLandscapeRight";
				LD_RUNPATH_SEARCH_PATHS = (
					"$(inherited)",
					"@executable_path/Frameworks",
				);
				MARKETING_VERSION = 1.0;
				PRODUCT_BUNDLE_IDENTIFIER = "MateuszMacher.PROJEKT-RESTAURACJA";
				PRODUCT_NAME = "$(TARGET_NAME)";
				SWIFT_EMIT_LOC_STRINGS = YES;
				SWIFT_VERSION = 5.0;
				TARGETED_DEVICE_FAMILY = "1,2";
			};
			name = Debug;
		};
		CEE1A56C2B64265600B69414 /* Release */ = {
			isa = XCBuildConfiguration;
			buildSettings = {
				ASSETCATALOG_COMPILER_APPICON_NAME = AppIcon;
				ASSETCATALOG_COMPILER_GLOBAL_ACCENT_COLOR_NAME = AccentColor;
				CODE_SIGN_STYLE = Automatic;
				CURRENT_PROJECT_VERSION = 1;
				DEVELOPMENT_ASSET_PATHS = "\"PROJEKT-RESTAURACJA/Preview Content\"";
				ENABLE_PREVIEWS = YES;
				GENERATE_INFOPLIST_FILE = YES;
				INFOPLIST_KEY_UIApplicationSceneManifest_Generation = YES;
				INFOPLIST_KEY_UIApplicationSupportsIndirectInputEvents = YES;
				INFOPLIST_KEY_UILaunchScreen_Generation = YES;
				INFOPLIST_KEY_UISupportedInterfaceOrientations_iPad = "UIInterfaceOrientationPortrait UIInterfaceOrientationPortraitUpsideDown UIInterfaceOrientationLandscapeLeft UIInterfaceOrientationLandscapeRight";
				INFOPLIST_KEY_UISupportedInterfaceOrientations_iPhone = "UIInterfaceOrientationPortrait UIInterfaceOrientationLandscapeLeft UIInterfaceOrientationLandscapeRight";
				LD_RUNPATH_SEARCH_PATHS = (
					"$(inherited)",
					"@executable_path/Frameworks",
				);
				MARKETING_VERSION = 1.0;
				PRODUCT_BUNDLE_IDENTIFIER = "MateuszMacher.PROJEKT-RESTAURACJA";
				PRODUCT_NAME = "$(TARGET_NAME)";
				SWIFT_EMIT_LOC_STRINGS = YES;
				SWIFT_VERSION = 5.0;
				TARGETED_DEVICE_FAMILY = "1,2";
			};
			name = Release;
		};
		CEE1A56E2B64265600B69414 /* Debug */ = {
			isa = XCBuildConfiguration;
			buildSettings = {
				ALWAYS_EMBED_SWIFT_STANDARD_LIBRARIES = YES;
				BUNDLE_LOADER = "$(TEST_HOST)";
				CODE_SIGN_STYLE = Automatic;
				CURRENT_PROJECT_VERSION = 1;
				GENERATE_INFOPLIST_FILE = YES;
				IPHONEOS_DEPLOYMENT_TARGET = 17.2;
				MARKETING_VERSION = 1.0;
				PRODUCT_BUNDLE_IDENTIFIER = "MateuszMacher.PROJEKT-RESTAURACJATests";
				PRODUCT_NAME = "$(TARGET_NAME)";
				SWIFT_EMIT_LOC_STRINGS = NO;
				SWIFT_VERSION = 5.0;
				TARGETED_DEVICE_FAMILY = "1,2";
				TEST_HOST = "$(BUILT_PRODUCTS_DIR)/PROJEKT-RESTAURACJA.app/$(BUNDLE_EXECUTABLE_FOLDER_PATH)/PROJEKT-RESTAURACJA";
			};
			name = Debug;
		};
		CEE1A56F2B64265600B69414 /* Release */ = {
			isa = XCBuildConfiguration;
			buildSettings = {
				ALWAYS_EMBED_SWIFT_STANDARD_LIBRARIES = YES;
				BUNDLE_LOADER = "$(TEST_HOST)";
				CODE_SIGN_STYLE = Automatic;
				CURRENT_PROJECT_VERSION = 1;
				GENERATE_INFOPLIST_FILE = YES;
				IPHONEOS_DEPLOYMENT_TARGET = 17.2;
				MARKETING_VERSION = 1.0;
				PRODUCT_BUNDLE_IDENTIFIER = "MateuszMacher.PROJEKT-RESTAURACJATests";
				PRODUCT_NAME = "$(TARGET_NAME)";
				SWIFT_EMIT_LOC_STRINGS = NO;
				SWIFT_VERSION = 5.0;
				TARGETED_DEVICE_FAMILY = "1,2";
				TEST_HOST = "$(BUILT_PRODUCTS_DIR)/PROJEKT-RESTAURACJA.app/$(BUNDLE_EXECUTABLE_FOLDER_PATH)/PROJEKT-RESTAURACJA";
			};
			name = Release;
		};
		CEE1A5712B64265600B69414 /* Debug */ = {
			isa = XCBuildConfiguration;
			buildSettings = {
				ALWAYS_EMBED_SWIFT_STANDARD_LIBRARIES = YES;
				CODE_SIGN_STYLE = Automatic;
				CURRENT_PROJECT_VERSION = 1;
				GENERATE_INFOPLIST_FILE = YES;
				MARKETING_VERSION = 1.0;
				PRODUCT_BUNDLE_IDENTIFIER = "MateuszMacher.PROJEKT-RESTAURACJAUITests";
				PRODUCT_NAME = "$(TARGET_NAME)";
				SWIFT_EMIT_LOC_STRINGS = NO;
				SWIFT_VERSION = 5.0;
				TARGETED_DEVICE_FAMILY = "1,2";
				TEST_TARGET_NAME = "PROJEKT-RESTAURACJA";
			};
			name = Debug;
		};
		CEE1A5722B64265600B69414 /* Release */ = {
			isa = XCBuildConfiguration;
			buildSettings = {
				ALWAYS_EMBED_SWIFT_STANDARD_LIBRARIES = YES;
				CODE_SIGN_STYLE = Automatic;
				CURRENT_PROJECT_VERSION = 1;
				GENERATE_INFOPLIST_FILE = YES;
				MARKETING_VERSION = 1.0;
				PRODUCT_BUNDLE_IDENTIFIER = "MateuszMacher.PROJEKT-RESTAURACJAUITests";
				PRODUCT_NAME = "$(TARGET_NAME)";
				SWIFT_EMIT_LOC_STRINGS = NO;
				SWIFT_VERSION = 5.0;
				TARGETED_DEVICE_FAMILY = "1,2";
				TEST_TARGET_NAME = "PROJEKT-RESTAURACJA";
			};
			name = Release;
		};
/* End XCBuildConfiguration section */

/* Begin XCConfigurationList section */
		CEE1A5412B64264F00B69414 /* Build configuration list for PBXProject "PROJEKT-RESTAURACJA" */ = {
			isa = XCConfigurationList;
			buildConfigurations = (
				CEE1A5682B64265600B69414 /* Debug */,
				CEE1A5692B64265600B69414 /* Release */,
			);
			defaultConfigurationIsVisible = 0;
			defaultConfigurationName = Release;
		};
		CEE1A56A2B64265600B69414 /* Build configuration list for PBXNativeTarget "PROJEKT-RESTAURACJA" */ = {
			isa = XCConfigurationList;
			buildConfigurations = (
				CEE1A56B2B64265600B69414 /* Debug */,
				CEE1A56C2B64265600B69414 /* Release */,
			);
			defaultConfigurationIsVisible = 0;
			defaultConfigurationName = Release;
		};
		CEE1A56D2B64265600B69414 /* Build configuration list for PBXNativeTarget "PROJEKT-RESTAURACJATests" */ = {
			isa = XCConfigurationList;
			buildConfigurations = (
				CEE1A56E2B64265600B69414 /* Debug */,
				CEE1A56F2B64265600B69414 /* Release */,
			);
			defaultConfigurationIsVisible = 0;
			defaultConfigurationName = Release;
		};
		CEE1A5702B64265600B69414 /* Build configuration list for PBXNativeTarget "PROJEKT-RESTAURACJAUITests" */ = {
			isa = XCConfigurationList;
			buildConfigurations = (
				CEE1A5712B64265600B69414 /* Debug */,
				CEE1A5722B64265600B69414 /* Release */,
			);
			defaultConfigurationIsVisible = 0;
			defaultConfigurationName = Release;
		};
/* End XCConfigurationList section */
	};
	rootObject = CEE1A53E2B64264F00B69414 /* Project object */;
}
